{
    "version": 3,
    "terraform_version": "0.8.2",
    "serial": 51,
    "lineage": "54c62ddb-4f9f-4f6d-bc13-50de2db54dd3",
    "modules": [
        {
            "path": [
                "root"
            ],
            "outputs": {
                "addresses": {
                    "sensitive": false,
                    "type": "list",
                    "value": [
                        "54.246.244.82",
                        "54.194.24.68"
                    ]
                },
                "elb_address": {
                    "sensitive": false,
                    "type": "string",
                    "value": "web-elb-2120888953.eu-west-1.elb.amazonaws.com"
                }
            },
            "resources": {
                "aws_alb.webalb": {
                    "type": "aws_alb",
                    "depends_on": [
                        "aws_security_group.web_inbound_sg",
                        "module.vpc"
                    ],
                    "primary": {
                        "id": "arn:aws:elasticloadbalancing:eu-west-1:452493123854:loadbalancer/app/webalb/a2a8f7d693ee82d8",
                        "attributes": {
                            "access_logs.#": "0",
                            "arn": "arn:aws:elasticloadbalancing:eu-west-1:452493123854:loadbalancer/app/webalb/a2a8f7d693ee82d8",
                            "arn_suffix": "app/webalb/a2a8f7d693ee82d8",
                            "dns_name": "webalb-999161700.eu-west-1.elb.amazonaws.com",
                            "enable_deletion_protection": "false",
                            "id": "arn:aws:elasticloadbalancing:eu-west-1:452493123854:loadbalancer/app/webalb/a2a8f7d693ee82d8",
                            "idle_timeout": "3600",
                            "internal": "false",
                            "name": "webalb",
                            "security_groups.#": "1",
                            "security_groups.483129181": "sg-e5e1e69c",
                            "subnets.#": "2",
                            "subnets.2942197764": "subnet-34f6207d",
                            "subnets.3248950121": "subnet-a7539bc0",
                            "tags.%": "0",
                            "vpc_id": "vpc-974388f0",
                            "zone_id": "Z32O12XQLNTSW2"
                        },
                        "meta": {},
                        "tainted": false
                    },
                    "deposed": [],
                    "provider": ""
                },
                "aws_alb_listener.web": {
                    "type": "aws_alb_listener",
                    "depends_on": [
                        "aws_alb.webalb",
                        "aws_alb_target_group.alb_target_group_web"
                    ],
                    "primary": {
                        "id": "arn:aws:elasticloadbalancing:eu-west-1:452493123854:listener/app/webalb/a2a8f7d693ee82d8/0a8261d791d08643",
                        "attributes": {
                            "arn": "arn:aws:elasticloadbalancing:eu-west-1:452493123854:listener/app/webalb/a2a8f7d693ee82d8/0a8261d791d08643",
                            "default_action.#": "1",
                            "default_action.0.target_group_arn": "arn:aws:elasticloadbalancing:eu-west-1:452493123854:targetgroup/web/52b4884b6fdb6130",
                            "default_action.0.type": "forward",
                            "id": "arn:aws:elasticloadbalancing:eu-west-1:452493123854:listener/app/webalb/a2a8f7d693ee82d8/0a8261d791d08643",
                            "load_balancer_arn": "arn:aws:elasticloadbalancing:eu-west-1:452493123854:loadbalancer/app/webalb/a2a8f7d693ee82d8",
                            "port": "80",
                            "protocol": "HTTP",
                            "ssl_policy": ""
                        },
                        "meta": {},
                        "tainted": false
                    },
                    "deposed": [],
                    "provider": ""
                },
                "aws_alb_target_group.alb_target_group_web": {
                    "type": "aws_alb_target_group",
                    "depends_on": [
                        "module.vpc"
                    ],
                    "primary": {
                        "id": "arn:aws:elasticloadbalancing:eu-west-1:452493123854:targetgroup/web/52b4884b6fdb6130",
                        "attributes": {
                            "arn": "arn:aws:elasticloadbalancing:eu-west-1:452493123854:targetgroup/web/52b4884b6fdb6130",
                            "arn_suffix": "targetgroup/web/52b4884b6fdb6130",
                            "deregistration_delay": "30",
                            "health_check.#": "1",
                            "health_check.0.healthy_threshold": "2",
                            "health_check.0.interval": "90",
                            "health_check.0.matcher": "200",
                            "health_check.0.path": "/",
                            "health_check.0.port": "80",
                            "health_check.0.protocol": "HTTP",
                            "health_check.0.timeout": "5",
                            "health_check.0.unhealthy_threshold": "3",
                            "id": "arn:aws:elasticloadbalancing:eu-west-1:452493123854:targetgroup/web/52b4884b6fdb6130",
                            "name": "web",
                            "port": "80",
                            "protocol": "HTTP",
                            "vpc_id": "vpc-974388f0"
                        },
                        "meta": {},
                        "tainted": false
                    },
                    "deposed": [],
                    "provider": ""
                },
                "aws_autoscaling_group.asg-2": {
                    "type": "aws_autoscaling_group",
                    "depends_on": [
                        "aws_alb_target_group.alb_target_group_web",
                        "aws_launch_configuration.lc",
                        "module.vpc"
                    ],
                    "primary": {
                        "id": "web-terraform-0076f1d49e9c7b247a5a9f4d47",
                        "attributes": {
                            "arn": "arn:aws:autoscaling:eu-west-1:452493123854:autoScalingGroup:46879913-3b05-42a2-aaf6-6e0c88b17091:autoScalingGroupName/web-terraform-0076f1d49e9c7b247a5a9f4d47",
                            "availability_zones.#": "2",
                            "availability_zones.1924028850": "eu-west-1b",
                            "availability_zones.3953592328": "eu-west-1a",
                            "default_cooldown": "300",
                            "desired_capacity": "1",
                            "force_delete": "false",
                            "health_check_grace_period": "300",
                            "health_check_type": "EC2",
                            "id": "web-terraform-0076f1d49e9c7b247a5a9f4d47",
                            "launch_configuration": "terraform-0076f1d49e9c7b247a5a9f4d47",
                            "load_balancers.#": "0",
                            "max_size": "2",
                            "metrics_granularity": "1Minute",
                            "min_elb_capacity": "1",
                            "min_size": "1",
                            "name": "web-terraform-0076f1d49e9c7b247a5a9f4d47",
                            "placement_group": "",
                            "protect_from_scale_in": "false",
                            "suspended_processes.#": "0",
                            "tag.#": "0",
                            "target_group_arns.#": "1",
                            "target_group_arns.169598144": "arn:aws:elasticloadbalancing:eu-west-1:452493123854:targetgroup/web/52b4884b6fdb6130",
                            "termination_policies.#": "0",
                            "vpc_zone_identifier.#": "2",
                            "vpc_zone_identifier.2942197764": "subnet-34f6207d",
                            "vpc_zone_identifier.3248950121": "subnet-a7539bc0",
                            "wait_for_capacity_timeout": "10m"
                        },
                        "meta": {},
                        "tainted": false
                    },
                    "deposed": [],
                    "provider": ""
                },
                "aws_elb.web": {
                    "type": "aws_elb",
                    "depends_on": [
                        "aws_instance.web",
                        "aws_security_group.web_inbound_sg",
                        "module.vpc"
                    ],
                    "primary": {
                        "id": "web-elb",
                        "attributes": {
                            "access_logs.#": "0",
                            "availability_zones.#": "1",
                            "availability_zones.3953592328": "eu-west-1a",
                            "connection_draining": "false",
                            "connection_draining_timeout": "300",
                            "cross_zone_load_balancing": "true",
                            "dns_name": "web-elb-2120888953.eu-west-1.elb.amazonaws.com",
                            "health_check.#": "1",
                            "health_check.0.healthy_threshold": "10",
                            "health_check.0.interval": "30",
                            "health_check.0.target": "TCP:80",
                            "health_check.0.timeout": "5",
                            "health_check.0.unhealthy_threshold": "2",
                            "id": "web-elb",
                            "idle_timeout": "60",
                            "instances.#": "2",
                            "instances.2490328256": "i-0cb246d12dee64198",
                            "instances.3857124135": "i-0390dbc36a7e9eefe",
                            "internal": "false",
                            "listener.#": "1",
                            "listener.3057123346.instance_port": "80",
                            "listener.3057123346.instance_protocol": "http",
                            "listener.3057123346.lb_port": "80",
                            "listener.3057123346.lb_protocol": "http",
                            "listener.3057123346.ssl_certificate_id": "",
                            "name": "web-elb",
                            "security_groups.#": "1",
                            "security_groups.483129181": "sg-e5e1e69c",
                            "source_security_group": "452493123854/web_inbound",
                            "source_security_group_id": "sg-e5e1e69c",
                            "subnets.#": "1",
                            "subnets.3248950121": "subnet-a7539bc0",
                            "tags.%": "0",
                            "zone_id": "Z32O12XQLNTSW2"
                        },
                        "meta": {},
                        "tainted": false
                    },
                    "deposed": [],
                    "provider": ""
                },
                "aws_iam_instance_profile.web_instance_profile": {
                    "type": "aws_iam_instance_profile",
                    "depends_on": [],
                    "primary": {
                        "id": "web_instance_profile",
                        "attributes": {
                            "arn": "arn:aws:iam::452493123854:instance-profile/web_instance_profile",
                            "id": "web_instance_profile",
                            "name": "web_instance_profile",
                            "path": "/",
                            "roles.#": "1",
                            "roles.3894158253": "web_iam_role"
                        },
                        "meta": {},
                        "tainted": false
                    },
                    "deposed": [],
                    "provider": ""
                },
                "aws_iam_role.web_iam_role": {
                    "type": "aws_iam_role",
                    "depends_on": [],
                    "primary": {
                        "id": "web_iam_role",
                        "attributes": {
                            "arn": "arn:aws:iam::452493123854:role/web_iam_role",
                            "assume_role_policy": "{\"Version\":\"2012-10-17\",\"Statement\":[{\"Sid\":\"\",\"Effect\":\"Allow\",\"Principal\":{\"Service\":\"ec2.amazonaws.com\"},\"Action\":\"sts:AssumeRole\"}]}",
                            "create_date": "2017-06-01T14:56:09Z",
                            "id": "web_iam_role",
                            "name": "web_iam_role",
                            "path": "/",
                            "unique_id": "AROAIGAXI6IA5M5Z2WKU6"
                        },
                        "meta": {},
                        "tainted": false
                    },
                    "deposed": [],
                    "provider": ""
                },
                "aws_iam_role_policy.elasticsearch": {
                    "type": "aws_iam_role_policy",
                    "depends_on": [
                        "aws_iam_role.web_iam_role"
                    ],
                    "primary": {
                        "id": "web_iam_role:elasticsearch",
                        "attributes": {
                            "id": "web_iam_role:elasticsearch",
                            "name": "elasticsearch",
                            "policy": "{\n  \"Version\": \"2012-10-17\",\n  \"Statement\": [\n    {\n      \"Action\": \"elasticache:*\",\n      \"Effect\": \"Allow\",\n      \"Resource\": \"*\"\n    }\n  ]\n}\n",
                            "role": "web_iam_role"
                        },
                        "meta": {},
                        "tainted": false
                    },
                    "deposed": [],
                    "provider": ""
                },
                "aws_iam_role_policy.web_iam_role_policy": {
                    "type": "aws_iam_role_policy",
                    "depends_on": [
                        "aws_iam_role.web_iam_role"
                    ],
                    "primary": {
                        "id": "web_iam_role:web_iam_role_policy",
                        "attributes": {
                            "id": "web_iam_role:web_iam_role_policy",
                            "name": "web_iam_role_policy",
                            "policy": "{\n  \"Version\": \"2012-10-17\",\n  \"Statement\": [\n    {\n      \"Effect\": \"Allow\",\n      \"Action\": \"ec2:Describe*\",\n      \"Resource\": \"*\"\n    },\n    {\n      \"Effect\": \"Allow\",\n      \"Action\": \"elasticloadbalancing:Describe*\",\n      \"Resource\": \"*\"\n    },\n    {\n      \"Effect\": \"Allow\",\n      \"Action\": [\n        \"cloudwatch:ListMetrics\",\n        \"cloudwatch:GetMetricStatistics\",\n        \"cloudwatch:Describe*\"\n      ],\n      \"Resource\": \"*\"\n    },\n    {\n      \"Effect\": \"Allow\",\n      \"Action\": \"autoscaling:Describe*\",\n      \"Resource\": \"*\"\n    },\n    {\n      \"Action\": [\n        \"rds:*\",\n        \"cloudwatch:DescribeAlarms\",\n        \"cloudwatch:GetMetricStatistics\",\n        \"ec2:DescribeAccountAttributes\",\n        \"ec2:DescribeAvailabilityZones\",\n        \"ec2:DescribeSecurityGroups\",\n        \"ec2:DescribeSubnets\",\n        \"ec2:DescribeVpcs\",\n        \"sns:ListSubscriptions\",\n        \"sns:ListTopics\",\n        \"logs:DescribeLogStreams\",\n        \"logs:GetLogEvents\"\n      ],\n      \"Effect\": \"Allow\",\n      \"Resource\": \"*\"\n    },\n    {\n      \"Action\": \"elasticache:*\",\n      \"Effect\": \"Allow\",\n      \"Resource\": \"*\"\n    },\n    {\n      \"Effect\": \"Allow\",\n      \"Action\": [\n        \"logs:CreateLogGroup\",\n        \"logs:CreateLogStream\",\n        \"logs:PutLogEvents\",\n        \"logs:DescribeLogStreams\"\n      ],\n      \"Resource\": [\n        \"arn:aws:logs:*:*:*\"\n      ]\n    }\n  ]\n}\n",
                            "role": "web_iam_role"
                        },
                        "meta": {},
                        "tainted": false
                    },
                    "deposed": [],
                    "provider": ""
                },
                "aws_instance.web.0": {
                    "type": "aws_instance",
                    "depends_on": [
                        "aws_iam_instance_profile.web_instance_profile",
                        "aws_key_pair.ssh_public_key",
                        "aws_security_group.web_host_sg",
                        "module.vpc"
                    ],
                    "primary": {
                        "id": "i-0390dbc36a7e9eefe",
                        "attributes": {
                            "ami": "ami-9ba1b0fd",
                            "associate_public_ip_address": "true",
                            "availability_zone": "eu-west-1a",
                            "disable_api_termination": "false",
                            "ebs_block_device.#": "0",
                            "ebs_optimized": "false",
                            "ephemeral_block_device.#": "0",
                            "iam_instance_profile": "web_instance_profile",
                            "id": "i-0390dbc36a7e9eefe",
                            "instance_state": "running",
                            "instance_type": "t1.micro",
                            "key_name": "ssh public key",
                            "monitoring": "false",
                            "network_interface_id": "eni-f2b10ed9",
                            "private_dns": "ip-10-0-1-20.eu-west-1.compute.internal",
                            "private_ip": "10.0.1.20",
                            "public_dns": "",
                            "public_ip": "54.246.244.82",
                            "root_block_device.#": "1",
                            "root_block_device.0.delete_on_termination": "true",
                            "root_block_device.0.iops": "100",
                            "root_block_device.0.volume_size": "8",
                            "root_block_device.0.volume_type": "gp2",
                            "security_groups.#": "0",
                            "source_dest_check": "true",
                            "subnet_id": "subnet-a7539bc0",
                            "tags.%": "1",
                            "tags.Name": "dummyapp-001",
                            "tenancy": "default",
                            "user_data": "8da657b880cdc4d5d47146455495892d7ed2ead9",
                            "vpc_security_group_ids.#": "1",
                            "vpc_security_group_ids.2689620142": "sg-f0e5e289"
                        },
                        "meta": {
                            "schema_version": "1"
                        },
                        "tainted": false
                    },
                    "deposed": [],
                    "provider": ""
                },
                "aws_instance.web.1": {
                    "type": "aws_instance",
                    "depends_on": [
                        "aws_iam_instance_profile.web_instance_profile",
                        "aws_key_pair.ssh_public_key",
                        "aws_security_group.web_host_sg",
                        "module.vpc"
                    ],
                    "primary": {
                        "id": "i-0cb246d12dee64198",
                        "attributes": {
                            "ami": "ami-9ba1b0fd",
                            "associate_public_ip_address": "true",
                            "availability_zone": "eu-west-1a",
                            "disable_api_termination": "false",
                            "ebs_block_device.#": "0",
                            "ebs_optimized": "false",
                            "ephemeral_block_device.#": "0",
                            "iam_instance_profile": "web_instance_profile",
                            "id": "i-0cb246d12dee64198",
                            "instance_state": "running",
                            "instance_type": "t1.micro",
                            "key_name": "ssh public key",
                            "monitoring": "false",
                            "network_interface_id": "eni-8bb20da0",
                            "private_dns": "ip-10-0-1-21.eu-west-1.compute.internal",
                            "private_ip": "10.0.1.21",
                            "public_dns": "",
                            "public_ip": "54.194.24.68",
                            "root_block_device.#": "1",
                            "root_block_device.0.delete_on_termination": "true",
                            "root_block_device.0.iops": "100",
                            "root_block_device.0.volume_size": "8",
                            "root_block_device.0.volume_type": "gp2",
                            "security_groups.#": "0",
                            "source_dest_check": "true",
                            "subnet_id": "subnet-a7539bc0",
                            "tags.%": "1",
                            "tags.Name": "dummyapp-002",
                            "tenancy": "default",
                            "user_data": "8da657b880cdc4d5d47146455495892d7ed2ead9",
                            "vpc_security_group_ids.#": "1",
                            "vpc_security_group_ids.2689620142": "sg-f0e5e289"
                        },
                        "meta": {
                            "schema_version": "1"
                        },
                        "tainted": false
                    },
                    "deposed": [],
                    "provider": ""
                },
                "aws_key_pair.ssh_public_key": {
                    "type": "aws_key_pair",
                    "depends_on": [],
                    "primary": {
                        "id": "ssh public key",
                        "attributes": {
                            "fingerprint": "ca:1a:0a:18:86:6c:d1:3e:8e:17:8e:87:c7:90:6b:18",
                            "id": "ssh public key",
                            "key_name": "ssh public key",
                            "public_key": "ssh-rsa AAAAB3NzaC1yc2EAAAADAQABAAACAQDXVf53RXsc2fM2elVt37H+bIUjRMUG7ii8zQgblsCqquuMP29OnTFux/lLuMuFwn5UC3b+7wYBHUzzGhvvw+jtwRjCFt+jiOiVTmZQpwyAEPRt7OWuGPyyX+K8tXARBcsmFaFDqrlntZ0UPglxfPw7PtTNFCkhAZ9PAzq0OD4wtIgcXejKRO3ybNyKy8I4yHz2VH5BytLEHHA9QoHssBOhOChyvIdp5vTBNdL78cD9hKsFRRn1m1/VKlvVwPdgDw/RMBdQmblc/mevwRrqOb6QpgCcWfo00xeYF9wMJmt6ItdMMfwWJ7epXeVRuFwFpmVWkRVWSw+7Ag2ujHEftUld7hVXoHVaJLLWQsiHbrhuoQuVw50mBI80Tpep2Jj0jXq97JK6pKYk8kkv+FtVbALePDK+MjY5pgE5p9PmhElfAAvz3juZsHTKKGRCfdFnvTs9/NbARZ0p17kuOVG9JVNvtRG3px8AY8watzvXAWMBLVCi0x/SFixcHHCDXUv+cAr+86n3Dwk0dLktMyAdpFPPJvbO9QBN87fLEQJGoxelaO92AdiiYKKfQVCoS/CD7Dr/P/OPb4Gt7lbnpR6h6HM/Atwn1BwHUPipj/aRJZ5wu6zsNY1a51WTyxhdXlsi7QiA/3sX2Ar9s3iChWyX27qbkhDhPOPgna2wKaoiOOQcGw== co.ranieri@gmail.com"
                        },
                        "meta": {
                            "schema_version": "1"
                        },
                        "tainted": false
                    },
                    "deposed": [],
                    "provider": ""
                },
                "aws_launch_configuration.lc": {
                    "type": "aws_launch_configuration",
                    "depends_on": [
                        "aws_security_group.web_inbound_sg",
                        "data.template_file.userdata_appweb"
                    ],
                    "primary": {
                        "id": "terraform-0076f1d49e9c7b247a5a9f4d47",
                        "attributes": {
                            "associate_public_ip_address": "false",
                            "ebs_block_device.#": "0",
                            "ebs_optimized": "false",
                            "enable_monitoring": "true",
                            "ephemeral_block_device.#": "0",
                            "iam_instance_profile": "",
                            "id": "terraform-0076f1d49e9c7b247a5a9f4d47",
                            "image_id": "ami-9ba1b0fd",
                            "instance_type": "t1.micro",
                            "key_name": "",
                            "name": "terraform-0076f1d49e9c7b247a5a9f4d47",
                            "root_block_device.#": "0",
                            "security_groups.#": "1",
                            "security_groups.483129181": "sg-e5e1e69c",
                            "spot_price": "",
                            "user_data": "2344a5f2ff514d0a168e5ab2704ae17a6d881acf",
                            "vpc_classic_link_id": "",
                            "vpc_classic_link_security_groups.#": "0"
                        },
                        "meta": {},
                        "tainted": false
                    },
                    "deposed": [],
                    "provider": ""
                },
                "aws_security_group.web_host_sg": {
                    "type": "aws_security_group",
                    "depends_on": [
                        "module.vpc"
                    ],
                    "primary": {
                        "id": "sg-f0e5e289",
                        "attributes": {
                            "description": "Allow SSH \u0026 HTTP to web hosts",
                            "egress.#": "1",
                            "egress.482069346.cidr_blocks.#": "1",
                            "egress.482069346.cidr_blocks.0": "0.0.0.0/0",
                            "egress.482069346.from_port": "0",
                            "egress.482069346.prefix_list_ids.#": "0",
                            "egress.482069346.protocol": "-1",
                            "egress.482069346.security_groups.#": "0",
                            "egress.482069346.self": "false",
                            "egress.482069346.to_port": "0",
                            "id": "sg-f0e5e289",
                            "ingress.#": "3",
                            "ingress.2943277533.cidr_blocks.#": "2",
                            "ingress.2943277533.cidr_blocks.0": "10.0.0.0/16",
                            "ingress.2943277533.cidr_blocks.1": "0.0.0.0/0",
                            "ingress.2943277533.from_port": "80",
                            "ingress.2943277533.protocol": "tcp",
                            "ingress.2943277533.security_groups.#": "0",
                            "ingress.2943277533.self": "false",
                            "ingress.2943277533.to_port": "80",
                            "ingress.3068409405.cidr_blocks.#": "1",
                            "ingress.3068409405.cidr_blocks.0": "0.0.0.0/0",
                            "ingress.3068409405.from_port": "8",
                            "ingress.3068409405.protocol": "icmp",
                            "ingress.3068409405.security_groups.#": "0",
                            "ingress.3068409405.self": "false",
                            "ingress.3068409405.to_port": "0",
                            "ingress.3321027593.cidr_blocks.#": "2",
                            "ingress.3321027593.cidr_blocks.0": "0.0.0.0/0",
                            "ingress.3321027593.cidr_blocks.1": "10.0.0.0/16",
                            "ingress.3321027593.from_port": "22",
                            "ingress.3321027593.protocol": "tcp",
                            "ingress.3321027593.security_groups.#": "0",
                            "ingress.3321027593.self": "false",
                            "ingress.3321027593.to_port": "22",
                            "name": "web_host",
                            "owner_id": "452493123854",
                            "tags.%": "0",
                            "vpc_id": "vpc-974388f0"
                        },
                        "meta": {},
                        "tainted": false
                    },
                    "deposed": [],
                    "provider": ""
                },
                "aws_security_group.web_inbound_sg": {
                    "type": "aws_security_group",
                    "depends_on": [
                        "module.vpc"
                    ],
                    "primary": {
                        "id": "sg-e5e1e69c",
                        "attributes": {
                            "description": "Allow HTTP from Anywhere",
                            "egress.#": "1",
                            "egress.482069346.cidr_blocks.#": "1",
                            "egress.482069346.cidr_blocks.0": "0.0.0.0/0",
                            "egress.482069346.from_port": "0",
                            "egress.482069346.prefix_list_ids.#": "0",
                            "egress.482069346.protocol": "-1",
                            "egress.482069346.security_groups.#": "0",
                            "egress.482069346.self": "false",
                            "egress.482069346.to_port": "0",
                            "id": "sg-e5e1e69c",
                            "ingress.#": "2",
                            "ingress.2214680975.cidr_blocks.#": "1",
                            "ingress.2214680975.cidr_blocks.0": "0.0.0.0/0",
                            "ingress.2214680975.from_port": "80",
                            "ingress.2214680975.protocol": "tcp",
                            "ingress.2214680975.security_groups.#": "0",
                            "ingress.2214680975.self": "false",
                            "ingress.2214680975.to_port": "80",
                            "ingress.3068409405.cidr_blocks.#": "1",
                            "ingress.3068409405.cidr_blocks.0": "0.0.0.0/0",
                            "ingress.3068409405.from_port": "8",
                            "ingress.3068409405.protocol": "icmp",
                            "ingress.3068409405.security_groups.#": "0",
                            "ingress.3068409405.self": "false",
                            "ingress.3068409405.to_port": "0",
                            "name": "web_inbound",
                            "owner_id": "452493123854",
                            "tags.%": "0",
                            "vpc_id": "vpc-974388f0"
                        },
                        "meta": {},
                        "tainted": false
                    },
                    "deposed": [],
                    "provider": ""
                },
                "data.template_file.userdata_appweb": {
                    "type": "template_file",
                    "depends_on": [],
                    "primary": {
                        "id": "c4308fe4d33914b3c9128ee377e08d94d5436ee4f4fb4a4413b78a4d8becdd76",
                        "attributes": {
                            "id": "c4308fe4d33914b3c9128ee377e08d94d5436ee4f4fb4a4413b78a4d8becdd76",
                            "rendered": "#!/bin/bash\necho \"127.0.0.1 $(hostname)\" \u003e\u003e /etc/hosts\nsudo service unicorn restart\n",
                            "template": "#!/bin/bash\necho \"127.0.0.1 $(hostname)\" \u003e\u003e /etc/hosts\nsudo service unicorn restart\n"
                        },
                        "meta": {},
                        "tainted": false
                    },
                    "deposed": [],
                    "provider": ""
                }
            },
            "depends_on": []
        },
        {
            "path": [
                "root",
                "vpc"
            ],
            "outputs": {
                "database_subnets": {
                    "sensitive": false,
                    "type": "list",
                    "value": []
                },
                "default_security_group_id": {
                    "sensitive": false,
                    "type": "string",
                    "value": "sg-1ae0e763"
                },
                "elasticache_subnets": {
                    "sensitive": false,
                    "type": "list",
                    "value": []
                },
                "igw_id": {
                    "sensitive": false,
                    "type": "string",
                    "value": "igw-c4e998a0"
                },
                "nat_eips": {
                    "sensitive": false,
                    "type": "list",
                    "value": [
                        "eipalloc-c96c1bf3",
                        "eipalloc-6a6b1c50"
                    ]
                },
                "nat_eips_public_ips": {
                    "sensitive": false,
                    "type": "list",
                    "value": [
                        "34.253.54.235",
                        "34.251.101.176"
                    ]
                },
                "natgw_ids": {
                    "sensitive": false,
                    "type": "list",
                    "value": [
                        "nat-03fba76d923a7ce3f",
                        "nat-02664949e0fb7e806"
                    ]
                },
                "private_route_table_ids": {
                    "sensitive": false,
                    "type": "list",
                    "value": [
                        "rtb-15745072",
                        "rtb-e96a4e8e"
                    ]
                },
                "private_subnets": {
                    "sensitive": false,
                    "type": "list",
                    "value": []
                },
                "public_route_table_ids": {
                    "sensitive": false,
                    "type": "list",
                    "value": [
                        "rtb-6a74500d"
                    ]
                },
                "public_subnets": {
                    "sensitive": false,
                    "type": "list",
                    "value": [
                        "subnet-a7539bc0",
                        "subnet-34f6207d"
                    ]
                },
                "vpc_id": {
                    "sensitive": false,
                    "type": "string",
                    "value": "vpc-974388f0"
                }
            },
            "resources": {
                "aws_eip.nateip.0": {
                    "type": "aws_eip",
                    "depends_on": [],
                    "primary": {
                        "id": "eipalloc-c96c1bf3",
                        "attributes": {
                            "association_id": "eipassoc-a660569c",
                            "domain": "vpc",
                            "id": "eipalloc-c96c1bf3",
                            "instance": "",
                            "network_interface": "eni-07b10e2c",
                            "private_ip": "10.0.1.13",
                            "public_ip": "34.253.54.235",
                            "vpc": "true"
                        },
                        "meta": {},
                        "tainted": false
                    },
                    "deposed": [],
                    "provider": ""
                },
                "aws_eip.nateip.1": {
                    "type": "aws_eip",
                    "depends_on": [],
                    "primary": {
                        "id": "eipalloc-6a6b1c50",
                        "attributes": {
                            "association_id": "eipassoc-e46452de",
                            "domain": "vpc",
                            "id": "eipalloc-6a6b1c50",
                            "instance": "",
                            "network_interface": "eni-35cc6b08",
                            "private_ip": "10.0.2.11",
                            "public_ip": "34.251.101.176",
                            "vpc": "true"
                        },
                        "meta": {},
                        "tainted": false
                    },
                    "deposed": [],
                    "provider": ""
                },
                "aws_internet_gateway.mod": {
                    "type": "aws_internet_gateway",
                    "depends_on": [
                        "aws_vpc.mod"
                    ],
                    "primary": {
                        "id": "igw-c4e998a0",
                        "attributes": {
                            "id": "igw-c4e998a0",
                            "tags.%": "1",
                            "tags.Name": "my-vpc-igw",
                            "vpc_id": "vpc-974388f0"
                        },
                        "meta": {},
                        "tainted": false
                    },
                    "deposed": [],
                    "provider": ""
                },
                "aws_nat_gateway.natgw.0": {
                    "type": "aws_nat_gateway",
                    "depends_on": [
                        "aws_eip.nateip",
                        "aws_internet_gateway.mod",
                        "aws_subnet.public"
                    ],
                    "primary": {
                        "id": "nat-03fba76d923a7ce3f",
                        "attributes": {
                            "allocation_id": "eipalloc-c96c1bf3",
                            "id": "nat-03fba76d923a7ce3f",
                            "network_interface_id": "eni-07b10e2c",
                            "private_ip": "10.0.1.13",
                            "public_ip": "34.253.54.235",
                            "subnet_id": "subnet-a7539bc0"
                        },
                        "meta": {},
                        "tainted": false
                    },
                    "deposed": [],
                    "provider": ""
                },
                "aws_nat_gateway.natgw.1": {
                    "type": "aws_nat_gateway",
                    "depends_on": [
                        "aws_eip.nateip",
                        "aws_internet_gateway.mod",
                        "aws_subnet.public"
                    ],
                    "primary": {
                        "id": "nat-02664949e0fb7e806",
                        "attributes": {
                            "allocation_id": "eipalloc-6a6b1c50",
                            "id": "nat-02664949e0fb7e806",
                            "network_interface_id": "eni-35cc6b08",
                            "private_ip": "10.0.2.11",
                            "public_ip": "34.251.101.176",
                            "subnet_id": "subnet-34f6207d"
                        },
                        "meta": {},
                        "tainted": false
                    },
                    "deposed": [],
                    "provider": ""
                },
                "aws_route.private_nat_gateway.0": {
                    "type": "aws_route",
                    "depends_on": [
                        "aws_nat_gateway.natgw",
                        "aws_route_table.private"
                    ],
                    "primary": {
                        "id": "r-rtb-157450721080289494",
                        "attributes": {
                            "destination_cidr_block": "0.0.0.0/0",
                            "destination_prefix_list_id": "",
                            "gateway_id": "",
                            "id": "r-rtb-157450721080289494",
                            "instance_id": "",
                            "instance_owner_id": "",
                            "nat_gateway_id": "nat-03fba76d923a7ce3f",
                            "network_interface_id": "",
                            "origin": "CreateRoute",
                            "route_table_id": "rtb-15745072",
                            "state": "active",
                            "vpc_peering_connection_id": ""
                        },
                        "meta": {},
                        "tainted": false
                    },
                    "deposed": [],
                    "provider": ""
                },
                "aws_route.private_nat_gateway.1": {
                    "type": "aws_route",
                    "depends_on": [
                        "aws_nat_gateway.natgw",
                        "aws_route_table.private"
                    ],
                    "primary": {
                        "id": "r-rtb-e96a4e8e1080289494",
                        "attributes": {
                            "destination_cidr_block": "0.0.0.0/0",
                            "destination_prefix_list_id": "",
                            "gateway_id": "",
                            "id": "r-rtb-e96a4e8e1080289494",
                            "instance_id": "",
                            "instance_owner_id": "",
                            "nat_gateway_id": "nat-02664949e0fb7e806",
                            "network_interface_id": "",
                            "origin": "CreateRoute",
                            "route_table_id": "rtb-e96a4e8e",
                            "state": "active",
                            "vpc_peering_connection_id": ""
                        },
                        "meta": {},
                        "tainted": false
                    },
                    "deposed": [],
                    "provider": ""
                },
                "aws_route.public_internet_gateway": {
                    "type": "aws_route",
                    "depends_on": [
                        "aws_internet_gateway.mod",
                        "aws_route_table.public"
                    ],
                    "primary": {
                        "id": "r-rtb-6a74500d1080289494",
                        "attributes": {
                            "destination_cidr_block": "0.0.0.0/0",
                            "destination_prefix_list_id": "",
                            "gateway_id": "igw-c4e998a0",
                            "id": "r-rtb-6a74500d1080289494",
                            "instance_id": "",
                            "instance_owner_id": "",
                            "nat_gateway_id": "",
                            "network_interface_id": "",
                            "origin": "CreateRoute",
                            "route_table_id": "rtb-6a74500d",
                            "state": "active",
                            "vpc_peering_connection_id": ""
                        },
                        "meta": {},
                        "tainted": false
                    },
                    "deposed": [],
                    "provider": ""
                },
                "aws_route_table.private.0": {
                    "type": "aws_route_table",
                    "depends_on": [
                        "aws_vpc.mod"
                    ],
                    "primary": {
                        "id": "rtb-15745072",
                        "attributes": {
                            "id": "rtb-15745072",
                            "propagating_vgws.#": "0",
                            "route.#": "1",
                            "route.1452367667.cidr_block": "0.0.0.0/0",
                            "route.1452367667.gateway_id": "",
                            "route.1452367667.instance_id": "",
                            "route.1452367667.nat_gateway_id": "nat-03fba76d923a7ce3f",
                            "route.1452367667.network_interface_id": "",
                            "route.1452367667.vpc_peering_connection_id": "",
                            "tags.%": "1",
                            "tags.Name": "my-vpc-rt-private-eu-west-1a",
                            "vpc_id": "vpc-974388f0"
                        },
                        "meta": {},
                        "tainted": false
                    },
                    "deposed": [],
                    "provider": ""
                },
                "aws_route_table.private.1": {
                    "type": "aws_route_table",
                    "depends_on": [
                        "aws_vpc.mod"
                    ],
                    "primary": {
                        "id": "rtb-e96a4e8e",
                        "attributes": {
                            "id": "rtb-e96a4e8e",
                            "propagating_vgws.#": "0",
                            "route.#": "1",
                            "route.2218340884.cidr_block": "0.0.0.0/0",
                            "route.2218340884.gateway_id": "",
                            "route.2218340884.instance_id": "",
                            "route.2218340884.nat_gateway_id": "nat-02664949e0fb7e806",
                            "route.2218340884.network_interface_id": "",
                            "route.2218340884.vpc_peering_connection_id": "",
                            "tags.%": "1",
                            "tags.Name": "my-vpc-rt-private-eu-west-1b",
                            "vpc_id": "vpc-974388f0"
                        },
                        "meta": {},
                        "tainted": false
                    },
                    "deposed": [],
                    "provider": ""
                },
                "aws_route_table.public": {
                    "type": "aws_route_table",
                    "depends_on": [
                        "aws_vpc.mod"
                    ],
                    "primary": {
                        "id": "rtb-6a74500d",
                        "attributes": {
                            "id": "rtb-6a74500d",
                            "propagating_vgws.#": "0",
                            "route.#": "1",
                            "route.3958848815.cidr_block": "0.0.0.0/0",
                            "route.3958848815.gateway_id": "igw-c4e998a0",
                            "route.3958848815.instance_id": "",
                            "route.3958848815.nat_gateway_id": "",
                            "route.3958848815.network_interface_id": "",
                            "route.3958848815.vpc_peering_connection_id": "",
                            "tags.%": "1",
                            "tags.Name": "my-vpc-rt-public",
                            "vpc_id": "vpc-974388f0"
                        },
                        "meta": {},
                        "tainted": false
                    },
                    "deposed": [],
                    "provider": ""
                },
                "aws_route_table_association.public.0": {
                    "type": "aws_route_table_association",
                    "depends_on": [
                        "aws_route_table.public",
                        "aws_subnet.public"
                    ],
                    "primary": {
                        "id": "rtbassoc-b53f48d3",
                        "attributes": {
                            "id": "rtbassoc-b53f48d3",
                            "route_table_id": "rtb-6a74500d",
                            "subnet_id": "subnet-a7539bc0"
                        },
                        "meta": {},
                        "tainted": false
                    },
                    "deposed": [],
                    "provider": ""
                },
                "aws_route_table_association.public.1": {
                    "type": "aws_route_table_association",
                    "depends_on": [
                        "aws_route_table.public",
                        "aws_subnet.public"
                    ],
                    "primary": {
                        "id": "rtbassoc-de3d4ab8",
                        "attributes": {
                            "id": "rtbassoc-de3d4ab8",
                            "route_table_id": "rtb-6a74500d",
                            "subnet_id": "subnet-34f6207d"
                        },
                        "meta": {},
                        "tainted": false
                    },
                    "deposed": [],
                    "provider": ""
                },
                "aws_subnet.public.0": {
                    "type": "aws_subnet",
                    "depends_on": [
                        "aws_vpc.mod"
                    ],
                    "primary": {
                        "id": "subnet-a7539bc0",
                        "attributes": {
                            "availability_zone": "eu-west-1a",
                            "cidr_block": "10.0.1.0/24",
                            "id": "subnet-a7539bc0",
                            "map_public_ip_on_launch": "true",
                            "tags.%": "2",
                            "tags.Name": "my-vpc-subnet-public-eu-west-1a",
                            "tags.Tier": "public",
                            "vpc_id": "vpc-974388f0"
                        },
                        "meta": {},
                        "tainted": false
                    },
                    "deposed": [],
                    "provider": ""
                },
                "aws_subnet.public.1": {
                    "type": "aws_subnet",
                    "depends_on": [
                        "aws_vpc.mod"
                    ],
                    "primary": {
                        "id": "subnet-34f6207d",
                        "attributes": {
                            "availability_zone": "eu-west-1b",
                            "cidr_block": "10.0.2.0/24",
                            "id": "subnet-34f6207d",
                            "map_public_ip_on_launch": "true",
                            "tags.%": "2",
                            "tags.Name": "my-vpc-subnet-public-eu-west-1b",
                            "tags.Tier": "public",
                            "vpc_id": "vpc-974388f0"
                        },
                        "meta": {},
                        "tainted": false
                    },
                    "deposed": [],
                    "provider": ""
                },
                "aws_vpc.mod": {
                    "type": "aws_vpc",
                    "depends_on": [],
                    "primary": {
                        "id": "vpc-974388f0",
                        "attributes": {
                            "cidr_block": "10.0.0.0/16",
                            "default_network_acl_id": "acl-70b62917",
                            "default_route_table_id": "rtb-f66f4b91",
                            "default_security_group_id": "sg-1ae0e763",
                            "dhcp_options_id": "dopt-e389d387",
                            "enable_classiclink": "false",
                            "enable_dns_hostnames": "false",
                            "enable_dns_support": "false",
                            "id": "vpc-974388f0",
                            "instance_tenancy": "default",
                            "main_route_table_id": "rtb-f66f4b91",
                            "tags.%": "1",
                            "tags.Name": "my-vpc"
                        },
                        "meta": {},
                        "tainted": false
                    },
                    "deposed": [],
                    "provider": ""
                }
            },
            "depends_on": []
        }
    ]
}
